
Microsoft Visual Studio Solution File, Format Version 12.00
# Visual Studio 14
VisualStudioVersion = 14.0.25420.1
MinimumVisualStudioVersion = 10.0.40219.1
Project("{FAE04EC0-301F-11D3-BF4B-00C04F79EFBC}") = "HCI_NSU", "HCI_NSU\HCI_NSU.csproj", "{351BA3AE-EB31-4EED-A8F1-05FC395F2F99}"
EndProject
Project("{FAE04EC0-301F-11D3-BF4B-00C04F79EFBC}") = "HCI_NSU.Tests", "HCI_NSU.Tests\HCI_NSU.Tests.csproj", "{0ED4F7A6-BE56-44A6-9B4F-D7DDE511C6DA}"
EndProject
Global
	GlobalSection(SolutionConfigurationPlatforms) = preSolution
		Debug|Any CPU = Debug|Any CPU
		Release|Any CPU = Release|Any CPU
	EndGlobalSection
	GlobalSection(ProjectConfigurationPlatforms) = postSolution
		{351BA3AE-EB31-4EED-A8F1-05FC395F2F99}.Debug|Any CPU.ActiveCfg = Debug|Any CPU
		{351BA3AE-EB31-4EED-A8F1-05FC395F2F99}.Debug|Any CPU.Build.0 = Debug|Any CPU
		{351BA3AE-EB31-4EED-A8F1-05FC395F2F99}.Release|Any CPU.ActiveCfg = Release|Any CPU
		{351BA3AE-EB31-4EED-A8F1-05FC395F2F99}.Release|Any CPU.Build.0 = Release|Any CPU
		{0ED4F7A6-BE56-44A6-9B4F-D7DDE511C6DA}.Debug|Any CPU.ActiveCfg = Debug|Any CPU
		{0ED4F7A6-BE56-44A6-9B4F-D7DDE511C6DA}.Debug|Any CPU.Build.0 = Debug|Any CPU
		{0ED4F7A6-BE56-44A6-9B4F-D7DDE511C6DA}.Release|Any CPU.ActiveCfg = Release|Any CPU
		{0ED4F7A6-BE56-44A6-9B4F-D7DDE511C6DA}.Release|Any CPU.Build.0 = Release|Any CPU
	EndGlobalSection
	GlobalSection(SolutionProperties) = preSolution
		HideSolutionNode = FALSE
	EndGlobalSection
EndGlobal
